// !$*UTF8*$!
{
	archiveVersion = 1;
	classes = {
	};
	objectVersion = 50;
	objects = {

/* Begin PBXBuildFile section */
		41109A70240576F70011334F /* AppDelegate.swift in Sources */ = {isa = PBXBuildFile; fileRef = 41109A6F240576F70011334F /* AppDelegate.swift */; };
		41109A72240576F70011334F /* SceneDelegate.swift in Sources */ = {isa = PBXBuildFile; fileRef = 41109A71240576F70011334F /* SceneDelegate.swift */; };
		41109A75240576F70011334F /* ToDoList_CoreData.xcdatamodeld in Sources */ = {isa = PBXBuildFile; fileRef = 41109A73240576F70011334F /* ToDoList_CoreData.xcdatamodeld */; };
		41109A77240576F70011334F /* ContentView.swift in Sources */ = {isa = PBXBuildFile; fileRef = 41109A76240576F70011334F /* ContentView.swift */; };
		41109A79240576F90011334F /* Assets.xcassets in Resources */ = {isa = PBXBuildFile; fileRef = 41109A78240576F90011334F /* Assets.xcassets */; };
		41109A7C240576F90011334F /* Preview Assets.xcassets in Resources */ = {isa = PBXBuildFile; fileRef = 41109A7B240576F90011334F /* Preview Assets.xcassets */; };
		41109A7F240576F90011334F /* LaunchScreen.storyboard in Resources */ = {isa = PBXBuildFile; fileRef = 41109A7D240576F90011334F /* LaunchScreen.storyboard */; };
		41109A87240578EE0011334F /* ToDoItem.swift in Sources */ = {isa = PBXBuildFile; fileRef = 41109A86240578EE0011334F /* ToDoItem.swift */; };
/* End PBXBuildFile section */

/* Begin PBXFileReference section */
		41109A6C240576F70011334F /* ToDoList_CoreData.app */ = {isa = PBXFileReference; explicitFileType = wrapper.application; includeInIndex = 0; path = ToDoList_CoreData.app; sourceTree = BUILT_PRODUCTS_DIR; };
		41109A6F240576F70011334F /* AppDelegate.swift */ = {isa = PBXFileReference; lastKnownFileType = sourcecode.swift; path = AppDelegate.swift; sourceTree = "<group>"; };
		41109A71240576F70011334F /* SceneDelegate.swift */ = {isa = PBXFileReference; lastKnownFileType = sourcecode.swift; path = SceneDelegate.swift; sourceTree = "<group>"; };
		41109A74240576F70011334F /* ToDoList_CoreData.xcdatamodel */ = {isa = PBXFileReference; lastKnownFileType = wrapper.xcdatamodel; path = ToDoList_CoreData.xcdatamodel; sourceTree = "<group>"; };
		41109A76240576F70011334F /* ContentView.swift */ = {isa = PBXFileReference; lastKnownFileType = sourcecode.swift; path = ContentView.swift; sourceTree = "<group>"; };
		41109A78240576F90011334F /* Assets.xcassets */ = {isa = PBXFileReference; lastKnownFileType = folder.assetcatalog; path = Assets.xcassets; sourceTree = "<group>"; };
		41109A7B240576F90011334F /* Preview Assets.xcassets */ = {isa = PBXFileReference; lastKnownFileType = folder.assetcatalog; path = "Preview Assets.xcassets"; sourceTree = "<group>"; };
		41109A7E240576F90011334F /* Base */ = {isa = PBXFileReference; lastKnownFileType = file.storyboard; name = Base; path = Base.lproj/LaunchScreen.storyboard; sourceTree = "<group>"; };
		41109A80240576F90011334F /* Info.plist */ = {isa = PBXFileReference; lastKnownFileType = text.plist.xml; path = Info.plist; sourceTree = "<group>"; };
		41109A86240578EE0011334F /* ToDoItem.swift */ = {isa = PBXFileReference; lastKnownFileType = sourcecode.swift; path = ToDoItem.swift; sourceTree = "<group>"; };
/* End PBXFileReference section */

/* Begin PBXFrameworksBuildPhase section */
		41109A69240576F70011334F /* Frameworks */ = {
			isa = PBXFrameworksBuildPhase;
			buildActionMask = 2147483647;
			files = (
			);
			runOnlyForDeploymentPostprocessing = 0;
		};
/* End PBXFrameworksBuildPhase section */

/* Begin PBXGroup section */
		41109A63240576F70011334F = {
			isa = PBXGroup;
			children = (
				41109A6E240576F70011334F /* ToDoList_CoreData */,
				41109A6D240576F70011334F /* Products */,
			);
			sourceTree = "<group>";
		};
		41109A6D240576F70011334F /* Products */ = {
			isa = PBXGroup;
			children = (
				41109A6C240576F70011334F /* ToDoList_CoreData.app */,
			);
			name = Products;
			sourceTree = "<group>";
		};
		41109A6E240576F70011334F /* ToDoList_CoreData */ = {
			isa = PBXGroup;
			children = (
				41109A6F240576F70011334F /* AppDelegate.swift */,
				41109A71240576F70011334F /* SceneDelegate.swift */,
				41109A76240576F70011334F /* ContentView.swift */,
				41109A86240578EE0011334F /* ToDoItem.swift */,
				41109A78240576F90011334F /* Assets.xcassets */,
				41109A7D240576F90011334F /* LaunchScreen.storyboard */,
				41109A80240576F90011334F /* Info.plist */,
				41109A73240576F70011334F /* ToDoList_CoreData.xcdatamodeld */,
				41109A7A240576F90011334F /* Preview Content */,
			);
			path = ToDoList_CoreData;
			sourceTree = "<group>";
		};
		41109A7A240576F90011334F /* Preview Content */ = {
			isa = PBXGroup;
			children = (
				41109A7B240576F90011334F /* Preview Assets.xcassets */,
			);
			path = "Preview Content";
			sourceTree = "<group>";
		};
/* End PBXGroup section */

/* Begin PBXNativeTarget section */
		41109A6B240576F70011334F /* ToDoList_CoreData */ = {
			isa = PBXNativeTarget;
			buildConfigurationList = 41109A83240576F90011334F /* Build configuration list for PBXNativeTarget "ToDoList_CoreData" */;
			buildPhases = (
				41109A68240576F70011334F /* Sources */,
				41109A69240576F70011334F /* Frameworks */,
				41109A6A240576F70011334F /* Resources */,
			);
			buildRules = (
			);
			dependencies = (
			);
			name = ToDoList_CoreData;
			productName = ToDoList_CoreData;
			productReference = 41109A6C240576F70011334F /* ToDoList_CoreData.app */;
			productType = "com.apple.product-type.application";
		};
/* End PBXNativeTarget section */

/* Begin PBXProject section */
		41109A64240576F70011334F /* Project object */ = {
			isa = PBXProject;
			attributes = {
				LastSwiftUpdateCheck = 1130;
				LastUpgradeCheck = 1130;
				ORGANIZATIONNAME = "George Davis IV";
				TargetAttributes = {
					41109A6B240576F70011334F = {
						CreatedOnToolsVersion = 11.3.1;
					};
				};
			};
			buildConfigurationList = 41109A67240576F70011334F /* Build configuration list for PBXProject "ToDoList_CoreData" */;
			compatibilityVersion = "Xcode 9.3";
			developmentRegion = en;
			hasScannedForEncodings = 0;
			knownRegions = (
				en,
				Base,
			);
			mainGroup = 41109A63240576F70011334F;
			productRefGroup = 41109A6D240576F70011334F /* Products */;
			projectDirPath = "";
			projectRoot = "";
			targets = (
				41109A6B240576F70011334F /* ToDoList_CoreData */,
			);
		};
/* End PBXProject section */

/* Begin PBXResourcesBuildPhase section */
		41109A6A240576F70011334F /* Resources */ = {
			isa = PBXResourcesBuildPhase;
			buildActionMask = 2147483647;
			files = (
				41109A7F240576F90011334F /* LaunchScreen.storyboard in Resources */,
				41109A7C240576F90011334F /* Preview Assets.xcassets in Resources */,
				41109A79240576F90011334F /* Assets.xcassets in Resources */,
			);
			runOnlyForDeploymentPostprocessing = 0;
		};
/* End PBXResourcesBuildPhase section */

/* Begin PBXSourcesBuildPhase section */
		41109A68240576F70011334F /* Sources */ = {
			isa = PBXSourcesBuildPhase;
			buildActionMask = 2147483647;
			files = (
				41109A75240576F70011334F /* ToDoList_CoreData.xcdatamodeld in Sources */,
				41109A70240576F70011334F /* AppDelegate.swift in Sources */,
				41109A87240578EE0011334F /* ToDoItem.swift in Sources */,
				41109A77240576F70011334F /* ContentView.swift in Sources */,
				41109A72240576F70011334F /* SceneDelegate.swift in Sources */,
			);
			runOnlyForDeploymentPostprocessing = 0;
		};
/* End PBXSourcesBuildPhase section */

/* Begin PBXVariantGroup section */
		41109A7D240576F90011334F /* LaunchScreen.storyboard */ = {
			isa = PBXVariantGroup;
			children = (
				41109A7E240576F90011334F /* Base */,
			);
			name = LaunchScreen.storyboard;
			sourceTree = "<group>";
		};
/* End PBXVariantGroup section */

/* Begin XCBuildConfiguration section */
		41109A81240576F90011334F /* Debug */ = {
			isa = XCBuildConfiguration;
			buildSettings = {
				ALWAYS_SEARCH_USER_PATHS = NO;
				CLANG_ANALYZER_NONNULL = YES;
				CLANG_ANALYZER_NUMBER_OBJECT_CONVERSION = YES_AGGRESSIVE;
				CLANG_CXX_LANGUAGE_STANDARD = "gnu++14";
				CLANG_CXX_LIBRARY = "libc++";
				CLANG_ENABLE_MODULES = YES;
				CLANG_ENABLE_OBJC_ARC = YES;
				CLANG_ENABLE_OBJC_WEAK = YES;
				CLANG_WARN_BLOCK_CAPTURE_AUTORELEASING = YES;
				CLANG_WARN_BOOL_CONVERSION = YES;
				CLANG_WARN_COMMA = YES;
				CLANG_WARN_CONSTANT_CONVERSION = YES;
				CLANG_WARN_DEPRECATED_OBJC_IMPLEMENTATIONS = YES;
				CLANG_WARN_DIRECT_OBJC_ISA_USAGE = YES_ERROR;
				CLANG_WARN_DOCUMENTATION_COMMENTS = YES;
				CLANG_WARN_EMPTY_BODY = YES;
				CLANG_WARN_ENUM_CONVERSION = YES;
				CLANG_WARN_INFINITE_RECURSION = YES;
				CLANG_WARN_INT_CONVERSION = YES;
				CLANG_WARN_NON_LITERAL_NULL_CONVERSION = YES;
				CLANG_WARN_OBJC_IMPLICIT_RETAIN_SELF = YES;
				CLANG_WARN_OBJC_LITERAL_CONVERSION = YES;
				CLANG_WARN_OBJC_ROOT_CLASS = YES_ERROR;
				CLANG_WARN_RANGE_LOOP_ANALYSIS = YES;
				CLANG_WARN_STRICT_PROTOTYPES = YES;
				CLANG_WARN_SUSPICIOUS_MOVE = YES;
				CLANG_WARN_UNGUARDED_AVAILABILITY = YES_AGGRESSIVE;
				CLANG_WARN_UNREACHABLE_CODE = YES;
				CLANG_WARN__DUPLICATE_METHOD_MATCH = YES;
				COPY_PHASE_STRIP = NO;
				DEBUG_INFORMATION_FORMAT = dwarf;
				ENABLE_STRICT_OBJC_MSGSEND = YES;
				ENABLE_TESTABILITY = YES;
				GCC_C_LANGUAGE_STANDARD = gnu11;
				GCC_DYNAMIC_NO_PIC = NO;
				GCC_NO_COMMON_BLOCKS = YES;
				GCC_OPTIMIZATION_LEVEL = 0;
				GCC_PREPROCESSOR_DEFINITIONS = (
					"DEBUG=1",
					"$(inherited)",
				);
				GCC_WARN_64_TO_32_BIT_CONVERSION = YES;
				GCC_WARN_ABOUT_RETURN_TYPE = YES_ERROR;
				GCC_WARN_UNDECLARED_SELECTOR = YES;
				GCC_WARN_UNINITIALIZED_AUTOS = YES_AGGRESSIVE;
				GCC_WARN_UNUSED_FUNCTION = YES;
				GCC_WARN_UNUSED_VARIABLE = YES;
				IPHONEOS_DEPLOYMENT_TARGET = 13.2;
				MTL_ENABLE_DEBUG_INFO = INCLUDE_SOURCE;
				MTL_FAST_MATH = YES;
				ONLY_ACTIVE_ARCH = YES;
				SDKROOT = iphoneos;
				SWIFT_ACTIVE_COMPILATION_CONDITIONS = DEBUG;
				SWIFT_OPTIMIZATION_LEVEL = "-Onone";
			};
			name = Debug;
		};
		41109A82240576F90011334F /* Release */ = {
			isa = XCBuildConfiguration;
			buildSettings = {
				ALWAYS_SEARCH_USER_PATHS = NO;
				CLANG_ANALYZER_NONNULL = YES;
				CLANG_ANALYZER_NUMBER_OBJECT_CONVERSION = YES_AGGRESSIVE;
				CLANG_CXX_LANGUAGE_STANDARD = "gnu++14";
				CLANG_CXX_LIBRARY = "libc++";
				CLANG_ENABLE_MODULES = YES;
				CLANG_ENABLE_OBJC_ARC = YES;
				CLANG_ENABLE_OBJC_WEAK = YES;
				CLANG_WARN_BLOCK_CAPTURE_AUTORELEASING = YES;
				CLANG_WARN_BOOL_CONVERSION = YES;
				CLANG_WARN_COMMA = YES;
				CLANG_WARN_CONSTANT_CONVERSION = YES;
				CLANG_WARN_DEPRECATED_OBJC_IMPLEMENTATIONS = YES;
				CLANG_WARN_DIRECT_OBJC_ISA_USAGE = YES_ERROR;
				CLANG_WARN_DOCUMENTATION_COMMENTS = YES;
				CLANG_WARN_EMPTY_BODY = YES;
				CLANG_WARN_ENUM_CONVERSION = YES;
				CLANG_WARN_INFINITE_RECURSION = YES;
				CLANG_WARN_INT_CONVERSION = YES;
				CLANG_WARN_NON_LITERAL_NULL_CONVERSION = YES;
				CLANG_WARN_OBJC_IMPLICIT_RETAIN_SELF = YES;
				CLANG_WARN_OBJC_LITERAL_CONVERSION = YES;
				CLANG_WARN_OBJC_ROOT_CLASS = YES_ERROR;
				CLANG_WARN_RANGE_LOOP_ANALYSIS = YES;
				CLANG_WARN_STRICT_PROTOTYPES = YES;
				CLANG_WARN_SUSPICIOUS_MOVE = YES;
				CLANG_WARN_UNGUARDED_AVAILABILITY = YES_AGGRESSIVE;
				CLANG_WARN_UNREACHABLE_CODE = YES;
				CLANG_WARN__DUPLICATE_METHOD_MATCH = YES;
				COPY_PHASE_STRIP = NO;
				DEBUG_INFORMATION_FORMAT = "dwarf-with-dsym";
				ENABLE_NS_ASSERTIONS = NO;
				ENABLE_STRICT_OBJC_MSGSEND = YES;
				GCC_C_LANGUAGE_STANDARD = gnu11;
				GCC_NO_COMMON_BLOCKS = YES;
				GCC_WARN_64_TO_32_BIT_CONVERSION = YES;
				GCC_WARN_ABOUT_RETURN_TYPE = YES_ERROR;
				GCC_WARN_UNDECLARED_SELECTOR = YES;
				GCC_WARN_UNINITIALIZED_AUTOS = YES_AGGRESSIVE;
				GCC_WARN_UNUSED_FUNCTION = YES;
				GCC_WARN_UNUSED_VARIABLE = YES;
				IPHONEOS_DEPLOYMENT_TARGET = 13.2;
				MTL_ENABLE_DEBUG_INFO = NO;
				MTL_FAST_MATH = YES;
				SDKROOT = iphoneos;
				SWIFT_COMPILATION_MODE = wholemodule;
				SWIFT_OPTIMIZATION_LEVEL = "-O";
				VALIDATE_PRODUCT = YES;
			};
			name = Release;
		};
		41109A84240576F90011334F /* Debug */ = {
			isa = XCBuildConfiguration;
			buildSettings = {
				ASSETCATALOG_COMPILER_APPICON_NAME = AppIcon;
				CODE_SIGN_STYLE = Automatic;
				DEVELOPMENT_ASSET_PATHS = "\"ToDoList_CoreData/Preview Content\"";
				ENABLE_PREVIEWS = YES;
				INFOPLIST_FILE = ToDoList_CoreData/Info.plist;
				LD_RUNPATH_SEARCH_PATHS = (
					"$(inherited)",
					"@executable_path/Frameworks",
				);
				PRODUCT_BUNDLE_IDENTIFIER = "com.3dmations.ToDoList-CoreData";
				PRODUCT_NAME = "$(TARGET_NAME)";
				SWIFT_VERSION = 5.0;
				TARGETED_DEVICE_FAMILY = "1,2";
			};
			name = Debug;
		};
		41109A85240576F90011334F /* Release */ = {
			isa = XCBuildConfiguration;
			buildSettings = {
				ASSETCATALOG_COMPILER_APPICON_NAME = AppIcon;
				CODE_SIGN_STYLE = Automatic;
				DEVELOPMENT_ASSET_PATHS = "\"ToDoList_CoreData/Preview Content\"";
				ENABLE_PREVIEWS = YES;
				INFOPLIST_FILE = ToDoList_CoreData/Info.plist;
				LD_RUNPATH_SEARCH_PATHS = (
					"$(inherited)",
					"@executable_path/Frameworks",
				);
				PRODUCT_BUNDLE_IDENTIFIER = "com.3dmations.ToDoList-CoreData";
				PRODUCT_NAME = "$(TARGET_NAME)";
				SWIFT_VERSION = 5.0;
				TARGETED_DEVICE_FAMILY = "1,2";
			};
			name = Release;
		};
/* End XCBuildConfiguration section */

/* Begin XCConfigurationList section */
		41109A67240576F70011334F /* Build configuration list for PBXProject "ToDoList_CoreData" */ = {
			isa = XCConfigurationList;
			buildConfigurations = (
				41109A81240576F90011334F /* Debug */,
				41109A82240576F90011334F /* Release */,
			);
			defaultConfigurationIsVisible = 0;
			defaultConfigurationName = Release;
		};
		41109A83240576F90011334F /* Build configuration list for PBXNativeTarget "ToDoList_CoreData" */ = {
			isa = XCConfigurationList;
			buildConfigurations = (
				41109A84240576F90011334F /* Debug */,
				41109A85240576F90011334F /* Release */,
			);
			defaultConfigurationIsVisible = 0;
			defaultConfigurationName = Release;
		};
/* End XCConfigurationList section */

/* Begin XCVersionGroup section */
		41109A73240576F70011334F /* ToDoList_CoreData.xcdatamodeld */ = {
			isa = XCVersionGroup;
			children = (
				41109A74240576F70011334F /* ToDoList_CoreData.xcdatamodel */,
			);
			currentVersion = 41109A74240576F70011334F /* ToDoList_CoreData.xcdatamodel */;
			path = ToDoList_CoreData.xcdatamodeld;
			sourceTree = "<group>";
			versionGroupType = wrapper.xcdatamodel;
		};
/* End XCVersionGroup section */
	};
	rootObject = 41109A64240576F70011334F /* Project object */;
}
